<?xml version="1.0" encoding="utf-8"?>
<Project ToolsVersion="4.0" xmlns="http://schemas.microsoft.com/developer/msbuild/2003">
  <ItemGroup>
    <Filter Include="Archivos de origen">
      <UniqueIdentifier>{4FC737F1-C7A5-4376-A066-2A32D752A2FF}</UniqueIdentifier>
      <Extensions>cpp;c;cc;cxx;c++;cppm;ixx;def;odl;idl;hpj;bat;asm;asmx</Extensions>
    </Filter>
    <Filter Include="Archivos de encabezado">
      <UniqueIdentifier>{93995380-89BD-4b04-88EB-625FBE52EBFB}</UniqueIdentifier>
      <Extensions>h;hh;hpp;hxx;h++;hm;inl;inc;ipp;xsd</Extensions>
    </Filter>
    <Filter Include="Archivos de recursos">
      <UniqueIdentifier>{67DA6AB6-F800-4c08-8B7A-83BB121AAD01}</UniqueIdentifier>
      <Extensions>rc;ico;cur;bmp;dlg;rc2;rct;bin;rgs;gif;jpg;jpeg;jpe;resx;tiff;tif;png;wav;mfcribbon-ms</Extensions>
    </Filter>
    <Filter Include="Archivos de recursos\Application">
      <UniqueIdentifier>{c9d65626-9fec-4b04-8853-5848bcbe3e60}</UniqueIdentifier>
    </Filter>
    <Filter Include="Archivos de recursos\Modules">
      <UniqueIdentifier>{0c9981dc-30a5-4fae-b91b-929d7e6cd352}</UniqueIdentifier>
    </Filter>
    <Filter Include="Archivos de recursos\Modules\Core">
      <UniqueIdentifier>{96313929-20a7-40ca-a772-94ffeb535d45}</UniqueIdentifier>
    </Filter>
    <Filter Include="Archivos de recursos\Modules\Gameplay">
      <UniqueIdentifier>{4e335f32-99f4-4aa8-ba08-a028bcc249b2}</UniqueIdentifier>
    </Filter>
    <Filter Include="Archivos de recursos\Utils">
      <UniqueIdentifier>{bf4d0258-ebb0-481b-83cd-969c092a41e8}</UniqueIdentifier>
    </Filter>
    <Filter Include="Archivos de recursos\Utils\Objects">
      <UniqueIdentifier>{f3e266c9-628f-4730-8e7f-f7729a67ce1f}</UniqueIdentifier>
    </Filter>
  </ItemGroup>
  <ItemGroup>
    <ClCompile Include="Source\Application.cpp">
      <Filter>Archivos de recursos\Application</Filter>
    </ClCompile>
    <ClCompile Include="Source\Main.cpp">
      <Filter>Archivos de recursos\Application</Filter>
    </ClCompile>
    <ClCompile Include="Source\Module.cpp">
      <Filter>Archivos de recursos\Modules</Filter>
    </ClCompile>
    <ClCompile Include="Source\Globals.cpp">
      <Filter>Archivos de recursos\Application</Filter>
    </ClCompile>
    <ClCompile Include="Source\ModuleAudio.cpp">
      <Filter>Archivos de recursos\Modules\Core</Filter>
    </ClCompile>
    <ClCompile Include="Source\ModuleCollisions.cpp">
      <Filter>Archivos de recursos\Modules\Core</Filter>
    </ClCompile>
    <ClCompile Include="Source\ModuleInput.cpp">
      <Filter>Archivos de recursos\Modules\Core</Filter>
    </ClCompile>
    <ClCompile Include="Source\ModuleRender.cpp">
      <Filter>Archivos de recursos\Modules\Core</Filter>
    </ClCompile>
    <ClCompile Include="Source\ModuleTextures.cpp">
      <Filter>Archivos de recursos\Modules\Core</Filter>
    </ClCompile>
    <ClCompile Include="Source\ModuleWindow.cpp">
      <Filter>Archivos de recursos\Modules\Core</Filter>
    </ClCompile>
    <ClCompile Include="Source\ModulePlayer.cpp">
      <Filter>Archivos de recursos\Modules\Gameplay</Filter>
    </ClCompile>
    <ClCompile Include="Source\Collider.cpp">
      <Filter>Archivos de recursos\Utils</Filter>
    </ClCompile>
    <ClCompile Include="Source\Path.cpp">
      <Filter>Archivos de recursos\Utils</Filter>
    </ClCompile>
    <ClCompile Include="Source\ModuleFadeToBlack.cpp">
      <Filter>Archivos de recursos\Modules\Core</Filter>
    </ClCompile>
    <ClCompile Include="Source\ModuleFonts.cpp">
      <Filter>Archivos de recursos\Modules\Core</Filter>
    </ClCompile>
    <ClCompile Include="Source\SceneIntro.cpp">
      <Filter>Archivos de recursos\Modules\Gameplay</Filter>
    </ClCompile>
    <ClCompile Include="Source\SceneLevel1.cpp">
      <Filter>Archivos de recursos\Modules\Gameplay</Filter>
    </ClCompile>
    <ClCompile Include="Source\Boxes.cpp">
      <Filter>Archivos de recursos\Utils</Filter>
    </ClCompile>
    <ClCompile Include="Source\PackInVideo.cpp">
      <Filter>Archivos de recursos\Modules\Gameplay</Filter>
    </ClCompile>
    <ClCompile Include="Source\LevelMenu.cpp">
      <Filter>Archivos de recursos\Utils</Filter>
    </ClCompile>
    <ClCompile Include="Source\Presentation.cpp">
      <Filter>Archivos de recursos\Modules\Gameplay</Filter>
    </ClCompile>
    <ClCompile Include="Source\Pointer.cpp">
      <Filter>Archivos de recursos\Utils</Filter>
    </ClCompile>
    <ClCompile Include="Source\WindowSize.cpp">
      <Filter>Archivos de recursos\Utils</Filter>
    </ClCompile>
    <ClCompile Include="Source\BallObject.cpp">
      <Filter>Archivos de recursos\Utils\Objects</Filter>
    </ClCompile>
    <ClCompile Include="Source\BoxObject.cpp">
      <Filter>Archivos de recursos\Utils\Objects</Filter>
    </ClCompile>
    <ClCompile Include="Source\WallObject.cpp">
      <Filter>Archivos de recursos\Utils\Objects</Filter>
    </ClCompile>
    <ClCompile Include="Source\LevelManager.cpp">
      <Filter>Archivos de recursos\Modules\Gameplay</Filter>
    </ClCompile>
    <ClCompile Include="Source\Tiles.cpp">
      <Filter>Archivos de recursos\Modules\Core</Filter>
    </ClCompile>
    <ClCompile Include="Source\ModuleBoxes.cpp">
      <Filter>Archivos de recursos\Modules\Gameplay</Filter>
    </ClCompile>
  </ItemGroup>
  <ItemGroup>
    <ClInclude Include="Source\Application.h">
      <Filter>Archivos de recursos\Application</Filter>
    </ClInclude>
    <ClInclude Include="Source\Globals.h">
      <Filter>Archivos de recursos\Application</Filter>
    </ClInclude>
    <ClInclude Include="Source\MemLeaks.h">
      <Filter>Archivos de recursos\Application</Filter>
    </ClInclude>
    <ClInclude Include="Source\Module.h">
      <Filter>Archivos de recursos\Modules</Filter>
    </ClInclude>
    <ClInclude Include="Source\ModuleAudio.h">
      <Filter>Archivos de recursos\Modules\Core</Filter>
    </ClInclude>
    <ClInclude Include="Source\ModuleCollisions.h">
      <Filter>Archivos de recursos\Modules\Core</Filter>
    </ClInclude>
    <ClInclude Include="Source\ModuleInput.h">
      <Filter>Archivos de recursos\Modules\Core</Filter>
    </ClInclude>
    <ClInclude Include="Source\ModuleRender.h">
      <Filter>Archivos de recursos\Modules\Core</Filter>
    </ClInclude>
    <ClInclude Include="Source\ModuleTextures.h">
      <Filter>Archivos de recursos\Modules\Core</Filter>
    </ClInclude>
    <ClInclude Include="Source\ModuleWindow.h">
      <Filter>Archivos de recursos\Modules\Core</Filter>
    </ClInclude>
    <ClInclude Include="Source\ModulePlayer.h">
      <Filter>Archivos de recursos\Modules\Gameplay</Filter>
    </ClInclude>
    <ClInclude Include="Source\Animation.h">
      <Filter>Archivos de recursos\Utils</Filter>
    </ClInclude>
    <ClInclude Include="Source\Collider.h">
      <Filter>Archivos de recursos\Utils</Filter>
    </ClInclude>
    <ClInclude Include="Source\p2Point.h">
      <Filter>Archivos de recursos\Utils</Filter>
    </ClInclude>
    <ClInclude Include="Source\Path.h">
      <Filter>Archivos de recursos\Utils</Filter>
    </ClInclude>
    <ClInclude Include="Source\ModuleFadeToBlack.h">
      <Filter>Archivos de recursos\Modules\Core</Filter>
    </ClInclude>
    <ClInclude Include="Source\ModuleFonts.h">
      <Filter>Archivos de recursos\Modules\Core</Filter>
    </ClInclude>
    <ClInclude Include="Source\SceneIntro.h">
      <Filter>Archivos de recursos\Modules\Gameplay</Filter>
    </ClInclude>
    <ClInclude Include="Source\SceneLevel1.h">
      <Filter>Archivos de recursos\Modules\Gameplay</Filter>
    </ClInclude>
    <ClInclude Include="Source\Boxes.h">
      <Filter>Archivos de recursos\Utils</Filter>
    </ClInclude>
    <ClInclude Include="Source\PackInVideo.h">
      <Filter>Archivos de recursos\Modules\Gameplay</Filter>
    </ClInclude>
    <ClInclude Include="Source\LevelMenu.h">
      <Filter>Archivos de recursos\Utils</Filter>
    </ClInclude>
    <ClInclude Include="Source\Presentation.h">
      <Filter>Archivos de recursos\Modules\Gameplay</Filter>
    </ClInclude>
    <ClInclude Include="Source\Pointer.h">
      <Filter>Archivos de recursos\Utils</Filter>
    </ClInclude>
    <ClInclude Include="Source\WindowSize.h">
      <Filter>Archivos de recursos\Utils</Filter>
    </ClInclude>
    <ClInclude Include="Source\BallObject.h">
      <Filter>Archivos de recursos\Utils\Objects</Filter>
    </ClInclude>
    <ClInclude Include="Source\BoxObject.h">
      <Filter>Archivos de recursos\Utils\Objects</Filter>
    </ClInclude>
    <ClInclude Include="Source\WallObject.h">
      <Filter>Archivos de recursos\Utils\Objects</Filter>
    </ClInclude>
    <ClInclude Include="Source\LevelManager.h">
      <Filter>Archivos de recursos\Modules\Gameplay</Filter>
    </ClInclude>
    <ClInclude Include="Source\Tiles.h">
      <Filter>Archivos de recursos\Modules\Core</Filter>
    </ClInclude>
    <ClInclude Include="Source\ModuleBoxes.h">
      <Filter>Archivos de recursos\Modules\Gameplay</Filter>
    </ClInclude>
  </ItemGroup>
</Project>